
Microsoft Visual Studio Solution File, Format Version 12.00
# Visual Studio 15
VisualStudioVersion = 15.0.28010.2026
MinimumVisualStudioVersion = 10.0.40219.1
Project("{888888A0-9F3D-457C-B088-3A5042F75D52}") = "Clustering", "Clustering\Clustering.pyproj", "{FBBAED63-A106-45AB-86CC-2B37BA27EF5E}"
EndProject
Global
	GlobalSection(SolutionConfigurationPlatforms) = preSolution
		Debug|Any CPU = Debug|Any CPU
		Release|Any CPU = Release|Any CPU
	EndGlobalSection
	GlobalSection(ProjectConfigurationPlatforms) = postSolution
		{FBBAED63-A106-45AB-86CC-2B37BA27EF5E}.Debug|Any CPU.ActiveCfg = Debug|Any CPU
		{FBBAED63-A106-45AB-86CC-2B37BA27EF5E}.Release|Any CPU.ActiveCfg = Release|Any CPU
	EndGlobalSection
	GlobalSection(SolutionProperties) = preSolution
		HideSolutionNode = FALSE
	EndGlobalSection
	GlobalSection(ExtensibilityGlobals) = postSolution
		SolutionGuid = {8D842963-D582-4278-835F-8423D00F9280}
	EndGlobalSection
EndGlobal
