
Microsoft Visual Studio Solution File, Format Version 12.00
# Visual Studio 15
VisualStudioVersion = 15.0.28010.2026
MinimumVisualStudioVersion = 10.0.40219.1
Project("{888888A0-9F3D-457C-B088-3A5042F75D52}") = "Clustering_1", "Clustering_1\Clustering_1.pyproj", "{CA77A007-B585-480F-9AD1-E00F3BB96189}"
EndProject
Global
	GlobalSection(SolutionConfigurationPlatforms) = preSolution
		Debug|Any CPU = Debug|Any CPU
		Release|Any CPU = Release|Any CPU
	EndGlobalSection
	GlobalSection(ProjectConfigurationPlatforms) = postSolution
		{CA77A007-B585-480F-9AD1-E00F3BB96189}.Debug|Any CPU.ActiveCfg = Debug|Any CPU
		{CA77A007-B585-480F-9AD1-E00F3BB96189}.Release|Any CPU.ActiveCfg = Release|Any CPU
	EndGlobalSection
	GlobalSection(SolutionProperties) = preSolution
		HideSolutionNode = FALSE
	EndGlobalSection
	GlobalSection(ExtensibilityGlobals) = postSolution
		SolutionGuid = {0CF3BE37-DDEA-4444-95A0-BC610A8A8D9A}
	EndGlobalSection
EndGlobal
